
Microsoft Visual Studio Solution File, Format Version 12.00
# Visual Studio 15
VisualStudioVersion = 15.0.28010.2041
MinimumVisualStudioVersion = 10.0.40219.1
Project("{FAE04EC0-301F-11D3-BF4B-00C04F79EFBC}") = "GUI", "QLNH\GUI.csproj", "{3FA28032-EDA5-4D0D-A0F2-43EFF90AE114}"
EndProject
Project("{FAE04EC0-301F-11D3-BF4B-00C04F79EFBC}") = "DAL", "QLNH_DAL\DAL.csproj", "{2E44BA63-1161-49D1-91FF-6991C75E6BDE}"
EndProject
Project("{FAE04EC0-301F-11D3-BF4B-00C04F79EFBC}") = "BLL", "ClassLibrary1\BLL.csproj", "{765F7B12-6631-4369-8022-DEED387C55D8}"
EndProject
Global
	GlobalSection(SolutionConfigurationPlatforms) = preSolution
		Debug|Any CPU = Debug|Any CPU
		Release|Any CPU = Release|Any CPU
	EndGlobalSection
	GlobalSection(ProjectConfigurationPlatforms) = postSolution
		{3FA28032-EDA5-4D0D-A0F2-43EFF90AE114}.Debug|Any CPU.ActiveCfg = Debug|Any CPU
		{3FA28032-EDA5-4D0D-A0F2-43EFF90AE114}.Debug|Any CPU.Build.0 = Debug|Any CPU
		{3FA28032-EDA5-4D0D-A0F2-43EFF90AE114}.Release|Any CPU.ActiveCfg = Release|Any CPU
		{3FA28032-EDA5-4D0D-A0F2-43EFF90AE114}.Release|Any CPU.Build.0 = Release|Any CPU
		{2E44BA63-1161-49D1-91FF-6991C75E6BDE}.Debug|Any CPU.ActiveCfg = Debug|Any CPU
		{2E44BA63-1161-49D1-91FF-6991C75E6BDE}.Debug|Any CPU.Build.0 = Debug|Any CPU
		{2E44BA63-1161-49D1-91FF-6991C75E6BDE}.Release|Any CPU.ActiveCfg = Release|Any CPU
		{2E44BA63-1161-49D1-91FF-6991C75E6BDE}.Release|Any CPU.Build.0 = Release|Any CPU
		{765F7B12-6631-4369-8022-DEED387C55D8}.Debug|Any CPU.ActiveCfg = Debug|Any CPU
		{765F7B12-6631-4369-8022-DEED387C55D8}.Debug|Any CPU.Build.0 = Debug|Any CPU
		{765F7B12-6631-4369-8022-DEED387C55D8}.Release|Any CPU.ActiveCfg = Release|Any CPU
		{765F7B12-6631-4369-8022-DEED387C55D8}.Release|Any CPU.Build.0 = Release|Any CPU
	EndGlobalSection
	GlobalSection(SolutionProperties) = preSolution
		HideSolutionNode = FALSE
	EndGlobalSection
	GlobalSection(ExtensibilityGlobals) = postSolution
		SolutionGuid = {DE434672-9BE2-4C12-B871-F8B0DD05EFFF}
	EndGlobalSection
EndGlobal
